{
  "name": "promises-assignment",
  "version": "1.0.0",
  "lockfileVersion": 3,
  "requires": true,
  "packages": {
    "": {
      "name": "promises-assignment",
      "version": "1.0.0",
      "license": "ISC",
      "dependencies": {
        "promises-assignment": "^1.0.0"
      }
    },
    "node_modules/promises-assignment": {
      "version": "1.0.0",
      "resolved": "https://registry.npmjs.org/promises-assignment/-/promises-assignment-1.0.0.tgz",
      "integrity": "sha512-+HbvA5NxLFmibAwdjgK/RBotRsvXxaWL5zpAvsc6MCQVt9PGNDvky3rGUMifB1JFOTL7M1La6M4hRWPM8AmrYA=="
    }
  }
}
